# THIS IS AN AUTOGENERATED FILE. DO NOT EDIT THIS FILE DIRECTLY.
# yarn lockfile v1


flag-icons@^6.5.1:
  version "6.5.1"
  resolved "https://registry.yarnpkg.com/flag-icons/-/flag-icons-6.5.1.tgz#b33607cccd79af6c54650f0985d8b5d0ed27c2ab"
  integrity sha512-UntYB82hL+037px44bWs7e0uZkyb0sr9AxX09QrWGnKHeee/ztK8BmGnj4IPyj72pGGrpLdSsfc3Rk8p+HI3dw==

yarn@^1.22.19:
  version "1.22.19"
  resolved "https://registry.yarnpkg.com/yarn/-/yarn-1.22.19.tgz#4ba7fc5c6e704fce2066ecbfb0b0d8976fe62447"
  integrity sha512-/0V5q0WbslqnwP91tirOvldvYISzaqhClxzyUKXYxs07yUILIs5jx/k6CFe8bvKSkds5w+eiOqta39Wk3WxdcQ==
